
Microsoft Visual Studio Solution File, Format Version 12.00
# Visual Studio Version 16
VisualStudioVersion = 16.0.31624.102
MinimumVisualStudioVersion = 10.0.40219.1
Project("{FAE04EC0-301F-11D3-BF4B-00C04F79EFBC}") = "LR9_ASP", "LR9_ASP\LR9_ASP.csproj", "{92F6B104-D3F1-4D3C-922F-FD5A8A473E47}"
EndProject
Global
	GlobalSection(SolutionConfigurationPlatforms) = preSolution
		Debug|Any CPU = Debug|Any CPU
		Release|Any CPU = Release|Any CPU
	EndGlobalSection
	GlobalSection(ProjectConfigurationPlatforms) = postSolution
		{92F6B104-D3F1-4D3C-922F-FD5A8A473E47}.Debug|Any CPU.ActiveCfg = Debug|Any CPU
		{92F6B104-D3F1-4D3C-922F-FD5A8A473E47}.Debug|Any CPU.Build.0 = Debug|Any CPU
		{92F6B104-D3F1-4D3C-922F-FD5A8A473E47}.Release|Any CPU.ActiveCfg = Release|Any CPU
		{92F6B104-D3F1-4D3C-922F-FD5A8A473E47}.Release|Any CPU.Build.0 = Release|Any CPU
	EndGlobalSection
	GlobalSection(SolutionProperties) = preSolution
		HideSolutionNode = FALSE
	EndGlobalSection
	GlobalSection(ExtensibilityGlobals) = postSolution
		SolutionGuid = {F7277AC7-3283-48BC-A813-6A00EC4001AC}
	EndGlobalSection
EndGlobal
